Microsoft Visual Studio Solution File, Format Version 12.00
# Visual Studio 2012
Project("{FAE04EC0-301F-11D3-BF4B-00C04F79EFBC}") = "flappy", "flappy.csproj", "{FF004A9A-886E-4DAC-A94B-9C2071919111}"
EndProject
Global
	GlobalSection(SolutionConfigurationPlatforms) = preSolution
	Debug|Any CPU = Debug|Any CPU
	ExportDebug|Any CPU = ExportDebug|Any CPU
	ExportRelease|Any CPU = ExportRelease|Any CPU
	EndGlobalSection
	GlobalSection(ProjectConfigurationPlatforms) = postSolution
		{FF004A9A-886E-4DAC-A94B-9C2071919111}.Debug|Any CPU.ActiveCfg = Debug|Any CPU
		{FF004A9A-886E-4DAC-A94B-9C2071919111}.Debug|Any CPU.Build.0 = Debug|Any CPU
		{FF004A9A-886E-4DAC-A94B-9C2071919111}.ExportDebug|Any CPU.ActiveCfg = ExportDebug|Any CPU
		{FF004A9A-886E-4DAC-A94B-9C2071919111}.ExportDebug|Any CPU.Build.0 = ExportDebug|Any CPU
		{FF004A9A-886E-4DAC-A94B-9C2071919111}.ExportRelease|Any CPU.ActiveCfg = ExportRelease|Any CPU
		{FF004A9A-886E-4DAC-A94B-9C2071919111}.ExportRelease|Any CPU.Build.0 = ExportRelease|Any CPU
	EndGlobalSection
EndGlobal
